
Microsoft Visual Studio Solution File, Format Version 12.00
# Visual Studio Version 16
VisualStudioVersion = 16.0.30804.86
MinimumVisualStudioVersion = 10.0.40219.1
Project("{FAE04EC0-301F-11D3-BF4B-00C04F79EFBC}") = "CRUD", "CRUD.csproj", "{0E97638A-DA97-40A1-B332-7E604324C645}"
EndProject
Global
	GlobalSection(SolutionConfigurationPlatforms) = preSolution
		Debug|Any CPU = Debug|Any CPU
		Release|Any CPU = Release|Any CPU
	EndGlobalSection
	GlobalSection(ProjectConfigurationPlatforms) = postSolution
		{0E97638A-DA97-40A1-B332-7E604324C645}.Debug|Any CPU.ActiveCfg = Debug|Any CPU
		{0E97638A-DA97-40A1-B332-7E604324C645}.Debug|Any CPU.Build.0 = Debug|Any CPU
		{0E97638A-DA97-40A1-B332-7E604324C645}.Release|Any CPU.ActiveCfg = Release|Any CPU
		{0E97638A-DA97-40A1-B332-7E604324C645}.Release|Any CPU.Build.0 = Release|Any CPU
	EndGlobalSection
	GlobalSection(SolutionProperties) = preSolution
		HideSolutionNode = FALSE
	EndGlobalSection
	GlobalSection(ExtensibilityGlobals) = postSolution
		SolutionGuid = {0AE30C0F-5CD5-4D74-A92D-7234D99B3E48}
	EndGlobalSection
EndGlobal
